// !$*UTF8*$!
{
	archiveVersion = 1;
	classes = {
	};
	objectVersion = 46;
	objects = {

/* Begin PBXBuildFile section */
		AE6115311B6AB417001BFDD6 /* AppDelegate.swift in Sources */ = {isa = PBXBuildFile; fileRef = AE6115301B6AB417001BFDD6 /* AppDelegate.swift */; };
		AE6115331B6AB417001BFDD6 /* ViewController.swift in Sources */ = {isa = PBXBuildFile; fileRef = AE6115321B6AB417001BFDD6 /* ViewController.swift */; };
		AE6115361B6AB417001BFDD6 /* Main.storyboard in Resources */ = {isa = PBXBuildFile; fileRef = AE6115341B6AB417001BFDD6 /* Main.storyboard */; };
		AE6115381B6AB417001BFDD6 /* Images.xcassets in Resources */ = {isa = PBXBuildFile; fileRef = AE6115371B6AB417001BFDD6 /* Images.xcassets */; };
		AE61153B1B6AB417001BFDD6 /* LaunchScreen.xib in Resources */ = {isa = PBXBuildFile; fileRef = AE6115391B6AB417001BFDD6 /* LaunchScreen.xib */; };
		AE6115471B6AB417001BFDD6 /* sampleTests.swift in Sources */ = {isa = PBXBuildFile; fileRef = AE6115461B6AB417001BFDD6 /* sampleTests.swift */; };
/* End PBXBuildFile section */

/* Begin PBXContainerItemProxy section */
		AE6115411B6AB417001BFDD6 /* PBXContainerItemProxy */ = {
			isa = PBXContainerItemProxy;
			containerPortal = AE6115231B6AB416001BFDD6 /* Project object */;
			proxyType = 1;
			remoteGlobalIDString = AE61152A1B6AB416001BFDD6;
			remoteInfo = sample;
		};
/* End PBXContainerItemProxy section */

/* Begin PBXFileReference section */
		AE61152B1B6AB416001BFDD6 /* sample.app */ = {isa = PBXFileReference; explicitFileType = wrapper.application; includeInIndex = 0; path = sample.app; sourceTree = BUILT_PRODUCTS_DIR; };
		AE61152F1B6AB417001BFDD6 /* Info.plist */ = {isa = PBXFileReference; lastKnownFileType = text.plist.xml; path = Info.plist; sourceTree = "<group>"; };
		AE6115301B6AB417001BFDD6 /* AppDelegate.swift */ = {isa = PBXFileReference; lastKnownFileType = sourcecode.swift; path = AppDelegate.swift; sourceTree = "<group>"; };
		AE6115321B6AB417001BFDD6 /* ViewController.swift */ = {isa = PBXFileReference; lastKnownFileType = sourcecode.swift; path = ViewController.swift; sourceTree = "<group>"; };
		AE6115351B6AB417001BFDD6 /* Base */ = {isa = PBXFileReference; lastKnownFileType = file.storyboard; name = Base; path = Base.lproj/Main.storyboard; sourceTree = "<group>"; };
		AE6115371B6AB417001BFDD6 /* Images.xcassets */ = {isa = PBXFileReference; lastKnownFileType = folder.assetcatalog; path = Images.xcassets; sourceTree = "<group>"; };
		AE61153A1B6AB417001BFDD6 /* Base */ = {isa = PBXFileReference; lastKnownFileType = file.xib; name = Base; path = Base.lproj/LaunchScreen.xib; sourceTree = "<group>"; };
		AE6115401B6AB417001BFDD6 /* sampleTests.xctest */ = {isa = PBXFileReference; explicitFileType = wrapper.cfbundle; includeInIndex = 0; path = sampleTests.xctest; sourceTree = BUILT_PRODUCTS_DIR; };
		AE6115451B6AB417001BFDD6 /* Info.plist */ = {isa = PBXFileReference; lastKnownFileType = text.plist.xml; path = Info.plist; sourceTree = "<group>"; };
		AE6115461B6AB417001BFDD6 /* sampleTests.swift */ = {isa = PBXFileReference; lastKnownFileType = sourcecode.swift; path = sampleTests.swift; sourceTree = "<group>"; };
/* End PBXFileReference section */

/* Begin PBXFrameworksBuildPhase section */
		AE6115281B6AB416001BFDD6 /* Frameworks */ = {
			isa = PBXFrameworksBuildPhase;
			buildActionMask = 2147483647;
			files = (
			);
			runOnlyForDeploymentPostprocessing = 0;
		};
		AE61153D1B6AB417001BFDD6 /* Frameworks */ = {
			isa = PBXFrameworksBuildPhase;
			buildActionMask = 2147483647;
			files = (
			);
			runOnlyForDeploymentPostprocessing = 0;
		};
/* End PBXFrameworksBuildPhase section */

/* Begin PBXGroup section */
		AE6115221B6AB416001BFDD6 = {
			isa = PBXGroup;
			children = (
				AE61152D1B6AB417001BFDD6 /* sample */,
				AE6115431B6AB417001BFDD6 /* sampleTests */,
				AE61152C1B6AB416001BFDD6 /* Products */,
			);
			sourceTree = "<group>";
		};
		AE61152C1B6AB416001BFDD6 /* Products */ = {
			isa = PBXGroup;
			children = (
				AE61152B1B6AB416001BFDD6 /* sample.app */,
				AE6115401B6AB417001BFDD6 /* sampleTests.xctest */,
			);
			name = Products;
			sourceTree = "<group>";
		};
		AE61152D1B6AB417001BFDD6 /* sample */ = {
			isa = PBXGroup;
			children = (
				AE6115301B6AB417001BFDD6 /* AppDelegate.swift */,
				AE6115321B6AB417001BFDD6 /* ViewController.swift */,
				AE6115341B6AB417001BFDD6 /* Main.storyboard */,
				AE6115371B6AB417001BFDD6 /* Images.xcassets */,
				AE6115391B6AB417001BFDD6 /* LaunchScreen.xib */,
				AE61152E1B6AB417001BFDD6 /* Supporting Files */,
			);
			path = sample;
			sourceTree = "<group>";
		};
		AE61152E1B6AB417001BFDD6 /* Supporting Files */ = {
			isa = PBXGroup;
			children = (
				AE61152F1B6AB417001BFDD6 /* Info.plist */,
			);
			name = "Supporting Files";
			sourceTree = "<group>";
		};
		AE6115431B6AB417001BFDD6 /* sampleTests */ = {
			isa = PBXGroup;
			children = (
				AE6115461B6AB417001BFDD6 /* sampleTests.swift */,
				AE6115441B6AB417001BFDD6 /* Supporting Files */,
			);
			path = sampleTests;
			sourceTree = "<group>";
		};
		AE6115441B6AB417001BFDD6 /* Supporting Files */ = {
			isa = PBXGroup;
			children = (
				AE6115451B6AB417001BFDD6 /* Info.plist */,
			);
			name = "Supporting Files";
			sourceTree = "<group>";
		};
/* End PBXGroup section */

/* Begin PBXNativeTarget section */
		AE61152A1B6AB416001BFDD6 /* sample */ = {
			isa = PBXNativeTarget;
			buildConfigurationList = AE61154A1B6AB417001BFDD6 /* Build configuration list for PBXNativeTarget "sample" */;
			buildPhases = (
				AE6115271B6AB416001BFDD6 /* Sources */,
				AE6115281B6AB416001BFDD6 /* Frameworks */,
				AE6115291B6AB416001BFDD6 /* Resources */,
			);
			buildRules = (
			);
			dependencies = (
			);
			name = sample;
			productName = sample;
			productReference = AE61152B1B6AB416001BFDD6 /* sample.app */;
			productType = "com.apple.product-type.application";
		};
		AE61153F1B6AB417001BFDD6 /* sampleTests */ = {
			isa = PBXNativeTarget;
			buildConfigurationList = AE61154D1B6AB417001BFDD6 /* Build configuration list for PBXNativeTarget "sampleTests" */;
			buildPhases = (
				AE61153C1B6AB417001BFDD6 /* Sources */,
				AE61153D1B6AB417001BFDD6 /* Frameworks */,
				AE61153E1B6AB417001BFDD6 /* Resources */,
			);
			buildRules = (
			);
			dependencies = (
				AE6115421B6AB417001BFDD6 /* PBXTargetDependency */,
			);
			name = sampleTests;
			productName = sampleTests;
			productReference = AE6115401B6AB417001BFDD6 /* sampleTests.xctest */;
			productType = "com.apple.product-type.bundle.unit-test";
		};
/* End PBXNativeTarget section */

/* Begin PBXProject section */
		AE6115231B6AB416001BFDD6 /* Project object */ = {
			isa = PBXProject;
			attributes = {
				LastUpgradeCheck = 0640;
				ORGANIZATIONNAME = vja;
				TargetAttributes = {
					AE61152A1B6AB416001BFDD6 = {
						CreatedOnToolsVersion = 6.4;
					};
					AE61153F1B6AB417001BFDD6 = {
						CreatedOnToolsVersion = 6.4;
						TestTargetID = AE61152A1B6AB416001BFDD6;
					};
				};
			};
			buildConfigurationList = AE6115261B6AB416001BFDD6 /* Build configuration list for PBXProject "sample" */;
			compatibilityVersion = "Xcode 3.2";
			developmentRegion = English;
			hasScannedForEncodings = 0;
			knownRegions = (
				en,
				Base,
			);
			mainGroup = AE6115221B6AB416001BFDD6;
			productRefGroup = AE61152C1B6AB416001BFDD6 /* Products */;
			projectDirPath = "";
			projectRoot = "";
			targets = (
				AE61152A1B6AB416001BFDD6 /* sample */,
				AE61153F1B6AB417001BFDD6 /* sampleTests */,
			);
		};
/* End PBXProject section */

/* Begin PBXResourcesBuildPhase section */
		AE6115291B6AB416001BFDD6 /* Resources */ = {
			isa = PBXResourcesBuildPhase;
			buildActionMask = 2147483647;
			files = (
				AE6115361B6AB417001BFDD6 /* Main.storyboard in Resources */,
				AE61153B1B6AB417001BFDD6 /* LaunchScreen.xib in Resources */,
				AE6115381B6AB417001BFDD6 /* Images.xcassets in Resources */,
			);
			runOnlyForDeploymentPostprocessing = 0;
		};
		AE61153E1B6AB417001BFDD6 /* Resources */ = {
			isa = PBXResourcesBuildPhase;
			buildActionMask = 2147483647;
			files = (
			);
			runOnlyForDeploymentPostprocessing = 0;
		};
/* End PBXResourcesBuildPhase section */

/* Begin PBXSourcesBuildPhase section */
		AE6115271B6AB416001BFDD6 /* Sources */ = {
			isa = PBXSourcesBuildPhase;
			buildActionMask = 2147483647;
			files = (
				AE6115331B6AB417001BFDD6 /* ViewController.swift in Sources */,
				AE6115311B6AB417001BFDD6 /* AppDelegate.swift in Sources */,
			);
			runOnlyForDeploymentPostprocessing = 0;
		};
		AE61153C1B6AB417001BFDD6 /* Sources */ = {
			isa = PBXSourcesBuildPhase;
			buildActionMask = 2147483647;
			files = (
				AE6115471B6AB417001BFDD6 /* sampleTests.swift in Sources */,
			);
			runOnlyForDeploymentPostprocessing = 0;
		};
/* End PBXSourcesBuildPhase section */

/* Begin PBXTargetDependency section */
		AE6115421B6AB417001BFDD6 /* PBXTargetDependency */ = {
			isa = PBXTargetDependency;
			target = AE61152A1B6AB416001BFDD6 /* sample */;
			targetProxy = AE6115411B6AB417001BFDD6 /* PBXContainerItemProxy */;
		};
/* End PBXTargetDependency section */

/* Begin PBXVariantGroup section */
		AE6115341B6AB417001BFDD6 /* Main.storyboard */ = {
			isa = PBXVariantGroup;
			children = (
				AE6115351B6AB417001BFDD6 /* Base */,
			);
			name = Main.storyboard;
			sourceTree = "<group>";
		};
		AE6115391B6AB417001BFDD6 /* LaunchScreen.xib */ = {
			isa = PBXVariantGroup;
			children = (
				AE61153A1B6AB417001BFDD6 /* Base */,
			);
			name = LaunchScreen.xib;
			sourceTree = "<group>";
		};
/* End PBXVariantGroup section */

/* Begin XCBuildConfiguration section */
		AE6115481B6AB417001BFDD6 /* Debug */ = {
			isa = XCBuildConfiguration;
			buildSettings = {
				ALWAYS_SEARCH_USER_PATHS = NO;
				CLANG_CXX_LANGUAGE_STANDARD = "gnu++0x";
				CLANG_CXX_LIBRARY = "libc++";
				CLANG_ENABLE_MODULES = YES;
				CLANG_ENABLE_OBJC_ARC = YES;
				CLANG_WARN_BOOL_CONVERSION = YES;
				CLANG_WARN_CONSTANT_CONVERSION = YES;
				CLANG_WARN_DIRECT_OBJC_ISA_USAGE = YES_ERROR;
				CLANG_WARN_EMPTY_BODY = YES;
				CLANG_WARN_ENUM_CONVERSION = YES;
				CLANG_WARN_INT_CONVERSION = YES;
				CLANG_WARN_OBJC_ROOT_CLASS = YES_ERROR;
				CLANG_WARN_UNREACHABLE_CODE = YES;
				CLANG_WARN__DUPLICATE_METHOD_MATCH = YES;
				"CODE_SIGN_IDENTITY[sdk=iphoneos*]" = "iPhone Developer";
				COPY_PHASE_STRIP = NO;
				DEBUG_INFORMATION_FORMAT = "dwarf-with-dsym";
				ENABLE_STRICT_OBJC_MSGSEND = YES;
				GCC_C_LANGUAGE_STANDARD = gnu99;
				GCC_DYNAMIC_NO_PIC = NO;
				GCC_NO_COMMON_BLOCKS = YES;
				GCC_OPTIMIZATION_LEVEL = 0;
				GCC_PREPROCESSOR_DEFINITIONS = (
					"DEBUG=1",
					"$(inherited)",
				);
				GCC_SYMBOLS_PRIVATE_EXTERN = NO;
				GCC_WARN_64_TO_32_BIT_CONVERSION = YES;
				GCC_WARN_ABOUT_RETURN_TYPE = YES_ERROR;
				GCC_WARN_UNDECLARED_SELECTOR = YES;
				GCC_WARN_UNINITIALIZED_AUTOS = YES_AGGRESSIVE;
				GCC_WARN_UNUSED_FUNCTION = YES;
				GCC_WARN_UNUSED_VARIABLE = YES;
				IPHONEOS_DEPLOYMENT_TARGET = 8.4;
				MTL_ENABLE_DEBUG_INFO = YES;
				ONLY_ACTIVE_ARCH = YES;
				SDKROOT = iphoneos;
				SWIFT_OPTIMIZATION_LEVEL = "-Onone";
				TARGETED_DEVICE_FAMILY = "1,2";
			};
			name = Debug;
		};
		AE6115491B6AB417001BFDD6 /* Release */ = {
			isa = XCBuildConfiguration;
			buildSettings = {
				ALWAYS_SEARCH_USER_PATHS = NO;
				CLANG_CXX_LANGUAGE_STANDARD = "gnu++0x";
				CLANG_CXX_LIBRARY = "libc++";
				CLANG_ENABLE_MODULES = YES;
				CLANG_ENABLE_OBJC_ARC = YES;
				CLANG_WARN_BOOL_CONVERSION = YES;
				CLANG_WARN_CONSTANT_CONVERSION = YES;
				CLANG_WARN_DIRECT_OBJC_ISA_USAGE = YES_ERROR;
				CLANG_WARN_EMPTY_BODY = YES;
				CLANG_WARN_ENUM_CONVERSION = YES;
				CLANG_WARN_INT_CONVERSION = YES;
				CLANG_WARN_OBJC_ROOT_CLASS = YES_ERROR;
				CLANG_WARN_UNREACHABLE_CODE = YES;
				CLANG_WARN__DUPLICATE_METHOD_MATCH = YES;
				"CODE_SIGN_IDENTITY[sdk=iphoneos*]" = "iPhone Developer";
				COPY_PHASE_STRIP = NO;
				DEBUG_INFORMATION_FORMAT = "dwarf-with-dsym";
				ENABLE_NS_ASSERTIONS = NO;
				ENABLE_STRICT_OBJC_MSGSEND = YES;
				GCC_C_LANGUAGE_STANDARD = gnu99;
				GCC_NO_COMMON_BLOCKS = YES;
				GCC_WARN_64_TO_32_BIT_CONVERSION = YES;
				GCC_WARN_ABOUT_RETURN_TYPE = YES_ERROR;
				GCC_WARN_UNDECLARED_SELECTOR = YES;
				GCC_WARN_UNINITIALIZED_AUTOS = YES_AGGRESSIVE;
				GCC_WARN_UNUSED_FUNCTION = YES;
				GCC_WARN_UNUSED_VARIABLE = YES;
				IPHONEOS_DEPLOYMENT_TARGET = 8.4;
				MTL_ENABLE_DEBUG_INFO = NO;
				SDKROOT = iphoneos;
				TARGETED_DEVICE_FAMILY = "1,2";
				VALIDATE_PRODUCT = YES;
			};
			name = Release;
		};
		AE61154B1B6AB417001BFDD6 /* Debug */ = {
			isa = XCBuildConfiguration;
			buildSettings = {
				ASSETCATALOG_COMPILER_APPICON_NAME = AppIcon;
				INFOPLIST_FILE = sample/Info.plist;
				LD_RUNPATH_SEARCH_PATHS = "$(inherited) @executable_path/Frameworks";
				PRODUCT_NAME = "$(TARGET_NAME)";
			};
			name = Debug;
		};
		AE61154C1B6AB417001BFDD6 /* Release */ = {
			isa = XCBuildConfiguration;
			buildSettings = {
				ASSETCATALOG_COMPILER_APPICON_NAME = AppIcon;
				INFOPLIST_FILE = sample/Info.plist;
				LD_RUNPATH_SEARCH_PATHS = "$(inherited) @executable_path/Frameworks";
				PRODUCT_NAME = "$(TARGET_NAME)";
			};
			name = Release;
		};
		AE61154E1B6AB417001BFDD6 /* Debug */ = {
			isa = XCBuildConfiguration;
			buildSettings = {
				BUNDLE_LOADER = "$(TEST_HOST)";
				FRAMEWORK_SEARCH_PATHS = (
					"$(SDKROOT)/Developer/Library/Frameworks",
					"$(inherited)",
				);
				GCC_PREPROCESSOR_DEFINITIONS = (
					"DEBUG=1",
					"$(inherited)",
				);
				INFOPLIST_FILE = sampleTests/Info.plist;
				LD_RUNPATH_SEARCH_PATHS = "$(inherited) @executable_path/Frameworks @loader_path/Frameworks";
				PRODUCT_NAME = "$(TARGET_NAME)";
				TEST_HOST = "$(BUILT_PRODUCTS_DIR)/sample.app/sample";
			};
			name = Debug;
		};
		AE61154F1B6AB417001BFDD6 /* Release */ = {
			isa = XCBuildConfiguration;
			buildSettings = {
				BUNDLE_LOADER = "$(TEST_HOST)";
				FRAMEWORK_SEARCH_PATHS = (
					"$(SDKROOT)/Developer/Library/Frameworks",
					"$(inherited)",
				);
				INFOPLIST_FILE = sampleTests/Info.plist;
				LD_RUNPATH_SEARCH_PATHS = "$(inherited) @executable_path/Frameworks @loader_path/Frameworks";
				PRODUCT_NAME = "$(TARGET_NAME)";
				TEST_HOST = "$(BUILT_PRODUCTS_DIR)/sample.app/sample";
			};
			name = Release;
		};
/* End XCBuildConfiguration section */

/* Begin XCConfigurationList section */
		AE6115261B6AB416001BFDD6 /* Build configuration list for PBXProject "sample" */ = {
			isa = XCConfigurationList;
			buildConfigurations = (
				AE6115481B6AB417001BFDD6 /* Debug */,
				AE6115491B6AB417001BFDD6 /* Release */,
			);
			defaultConfigurationIsVisible = 0;
			defaultConfigurationName = Release;
		};
		AE61154A1B6AB417001BFDD6 /* Build configuration list for PBXNativeTarget "sample" */ = {
			isa = XCConfigurationList;
			buildConfigurations = (
				AE61154B1B6AB417001BFDD6 /* Debug */,
				AE61154C1B6AB417001BFDD6 /* Release */,
			);
			defaultConfigurationIsVisible = 0;
		};
		AE61154D1B6AB417001BFDD6 /* Build configuration list for PBXNativeTarget "sampleTests" */ = {
			isa = XCConfigurationList;
			buildConfigurations = (
				AE61154E1B6AB417001BFDD6 /* Debug */,
				AE61154F1B6AB417001BFDD6 /* Release */,
			);
			defaultConfigurationIsVisible = 0;
		};
/* End XCConfigurationList section */
	};
	rootObject = AE6115231B6AB416001BFDD6 /* Project object */;
}
